
Microsoft Visual Studio Solution File, Format Version 12.00
# Visual Studio 15
Project("{FAE04EC0-301F-11D3-BF4B-00C04F79EFBC}") = "Assembly-CSharp-firstpass", "Assembly-CSharp-firstpass.csproj", "{5F29B01D-3CE7-A4C7-C737-6E1F96F4ED26}"
EndProject
Project("{FAE04EC0-301F-11D3-BF4B-00C04F79EFBC}") = "Assembly-CSharp", "Assembly-CSharp.csproj", "{7C20AA08-91E9-CC87-F1EF-A5C4493E1051}"
EndProject
Project("{FAE04EC0-301F-11D3-BF4B-00C04F79EFBC}") = "Assembly-CSharp-Editor-firstpass", "Assembly-CSharp-Editor-firstpass.csproj", "{DA3EEA19-1821-9576-6EC5-9CF87F03BF90}"
EndProject
Project("{FAE04EC0-301F-11D3-BF4B-00C04F79EFBC}") = "Assembly-CSharp-Editor", "Assembly-CSharp-Editor.csproj", "{1913D276-35A3-00FA-6A28-95DFB4E2D40E}"
EndProject
Global
	GlobalSection(SolutionConfigurationPlatforms) = preSolution
		Debug|Any CPU = Debug|Any CPU
		Release|Any CPU = Release|Any CPU
	EndGlobalSection
	GlobalSection(ProjectConfigurationPlatforms) = postSolution
		{5F29B01D-3CE7-A4C7-C737-6E1F96F4ED26}.Debug|Any CPU.ActiveCfg = Debug|Any CPU
		{5F29B01D-3CE7-A4C7-C737-6E1F96F4ED26}.Debug|Any CPU.Build.0 = Debug|Any CPU
		{5F29B01D-3CE7-A4C7-C737-6E1F96F4ED26}.Release|Any CPU.ActiveCfg = Release|Any CPU
		{5F29B01D-3CE7-A4C7-C737-6E1F96F4ED26}.Release|Any CPU.Build.0 = Release|Any CPU
		{7C20AA08-91E9-CC87-F1EF-A5C4493E1051}.Debug|Any CPU.ActiveCfg = Debug|Any CPU
		{7C20AA08-91E9-CC87-F1EF-A5C4493E1051}.Debug|Any CPU.Build.0 = Debug|Any CPU
		{7C20AA08-91E9-CC87-F1EF-A5C4493E1051}.Release|Any CPU.ActiveCfg = Release|Any CPU
		{7C20AA08-91E9-CC87-F1EF-A5C4493E1051}.Release|Any CPU.Build.0 = Release|Any CPU
		{DA3EEA19-1821-9576-6EC5-9CF87F03BF90}.Debug|Any CPU.ActiveCfg = Debug|Any CPU
		{DA3EEA19-1821-9576-6EC5-9CF87F03BF90}.Debug|Any CPU.Build.0 = Debug|Any CPU
		{DA3EEA19-1821-9576-6EC5-9CF87F03BF90}.Release|Any CPU.ActiveCfg = Release|Any CPU
		{DA3EEA19-1821-9576-6EC5-9CF87F03BF90}.Release|Any CPU.Build.0 = Release|Any CPU
		{1913D276-35A3-00FA-6A28-95DFB4E2D40E}.Debug|Any CPU.ActiveCfg = Debug|Any CPU
		{1913D276-35A3-00FA-6A28-95DFB4E2D40E}.Debug|Any CPU.Build.0 = Debug|Any CPU
		{1913D276-35A3-00FA-6A28-95DFB4E2D40E}.Release|Any CPU.ActiveCfg = Release|Any CPU
		{1913D276-35A3-00FA-6A28-95DFB4E2D40E}.Release|Any CPU.Build.0 = Release|Any CPU
	EndGlobalSection
	GlobalSection(SolutionProperties) = preSolution
		HideSolutionNode = FALSE
	EndGlobalSection
EndGlobal
